# This file is automatically @generated by Poetry and should not be changed by hand.

[[package]]
name = "gpib-ctypes"
version = "0.3.0"
description = "GPIB interface for Python implemented using ctypes, API-compatible with linux-gpib."
category = "main"
optional = false
python-versions = "*"
files = [
    {file = "gpib_ctypes-0.3.0-py2.py3-none-any.whl", hash = "sha256:113bcc95980f7a165ea75ba3d19a1393df3cf27a58af69723e66e746cf32ed51"},
    {file = "gpib_ctypes-0.3.0.tar.gz", hash = "sha256:73d97a4cd98ce0fb5bbe8a679c58b9475750f68dcc237f411c71cf486a9f8c26"},
]

[[package]]
name = "pyserial"
version = "3.5"
description = "Python Serial Port Extension"
category = "main"
optional = false
python-versions = "*"
files = [
    {file = "pyserial-3.5-py2.py3-none-any.whl", hash = "sha256:c4451db6ba391ca6ca299fb3ec7bae67a5c55dde170964c7a14ceefec02f2cf0"},
    {file = "pyserial-3.5.tar.gz", hash = "sha256:3c77e014170dfffbd816e6ffc205e9842efb10be9f58ec16d3e8675b4925cddb"},
]

[package.extras]
cp2110 = ["hidapi"]

[[package]]
name = "pyusb"
version = "1.2.1"
description = "Python USB access module"
category = "main"
optional = false
python-versions = ">=3.6.0"
files = [
    {file = "pyusb-1.2.1-py3-none-any.whl", hash = "sha256:2b4c7cb86dbadf044dfb9d3a4ff69fd217013dbe78a792177a3feb172449ea36"},
    {file = "pyusb-1.2.1.tar.gz", hash = "sha256:a4cc7404a203144754164b8b40994e2849fde1cfff06b08492f12fff9d9de7b9"},
]

[[package]]
name = "pyvisa"
version = "1.13.0"
description = "Python VISA bindings for GPIB, RS232, TCPIP and USB instruments"
category = "main"
optional = false
python-versions = ">=3.8"
files = [
    {file = "PyVISA-1.13.0-py3-none-any.whl", hash = "sha256:805c55a514b1993dd1e0e2b18377f36fb3db6c2cd4953886144307d0c80795ce"},
    {file = "PyVISA-1.13.0.tar.gz", hash = "sha256:89fa008b58465c928655459508513c51e942ca7bf3e2a727da869366e0c8f9c6"},
]

[package.dependencies]
typing-extensions = "*"

[[package]]
name = "pyvisa-py"
version = "0.7.0"
description = "Pure Python implementation of a VISA library."
category = "main"
optional = false
python-versions = ">=3.8"
files = [
    {file = "PyVISA-py-0.7.0.tar.gz", hash = "sha256:ca8d8a818f5cd50190af6ec5ea6356c0db6be6a879099ca78fe000a0165acaea"},
    {file = "PyVISA_py-0.7.0-py3-none-any.whl", hash = "sha256:7d70ba035c38c89a50997bba21dc5e03a131bd60af8f10c6ecf664a9c72bee2b"},
]

[package.dependencies]
pyvisa = ">=1.13.0"
typing-extensions = "*"

[package.extras]
gpib-ctypes = ["gpib-ctypes (>=0.3.0)"]
hislip-discovery = ["zeroconf"]
psutil = ["psutil"]
serial = ["pyserial (>=3.0)"]
usb = ["pyusb"]
vicp = ["pyvicp", "zeroconf"]

[[package]]
name = "typing-extensions"
version = "4.6.3"
description = "Backported and Experimental Type Hints for Python 3.7+"
category = "main"
optional = false
python-versions = ">=3.7"
files = [
    {file = "typing_extensions-4.6.3-py3-none-any.whl", hash = "sha256:88a4153d8505aabbb4e13aacb7c486c2b4a33ca3b3f807914a9b4c844c471c26"},
    {file = "typing_extensions-4.6.3.tar.gz", hash = "sha256:d91d5919357fe7f681a9f2b5b4cb2a5f1ef0a1e9f59c4d8ff0d3491e05c0ffd5"},
]

[metadata]
lock-version = "2.0"
python-versions = "^3.11"
content-hash = "191d979280f993a32a731557263db2823212c85e29d70e9caca1b3252778785b"
